
Microsoft Visual Studio Solution File, Format Version 12.00
# Visual Studio Version 16
VisualStudioVersion = 16.0.31410.357
MinimumVisualStudioVersion = 10.0.40219.1
Project("{FAE04EC0-301F-11D3-BF4B-00C04F79EFBC}") = "BookStore.API", "src\BookStore.API\BookStore.API.csproj", "{DD8D0FEE-519E-424B-B425-146D26317D2C}"
EndProject
Project("{FAE04EC0-301F-11D3-BF4B-00C04F79EFBC}") = "BookStore.Domain", "src\BookStore.Domain\BookStore.Domain.csproj", "{1A0499D9-0C92-4643-B34D-36B108EA1EF6}"
EndProject
Project("{FAE04EC0-301F-11D3-BF4B-00C04F79EFBC}") = "BookStore.Infrastructure", "src\BookStore.Infrastructure\BookStore.Infrastructure.csproj", "{DA5C22BC-D26B-4774-A584-2BF100914E09}"
EndProject
Global
	GlobalSection(SolutionConfigurationPlatforms) = preSolution
		Debug|Any CPU = Debug|Any CPU
		Release|Any CPU = Release|Any CPU
	EndGlobalSection
	GlobalSection(ProjectConfigurationPlatforms) = postSolution
		{DD8D0FEE-519E-424B-B425-146D26317D2C}.Debug|Any CPU.ActiveCfg = Debug|Any CPU
		{DD8D0FEE-519E-424B-B425-146D26317D2C}.Debug|Any CPU.Build.0 = Debug|Any CPU
		{DD8D0FEE-519E-424B-B425-146D26317D2C}.Release|Any CPU.ActiveCfg = Release|Any CPU
		{DD8D0FEE-519E-424B-B425-146D26317D2C}.Release|Any CPU.Build.0 = Release|Any CPU
		{1A0499D9-0C92-4643-B34D-36B108EA1EF6}.Debug|Any CPU.ActiveCfg = Debug|Any CPU
		{1A0499D9-0C92-4643-B34D-36B108EA1EF6}.Debug|Any CPU.Build.0 = Debug|Any CPU
		{1A0499D9-0C92-4643-B34D-36B108EA1EF6}.Release|Any CPU.ActiveCfg = Release|Any CPU
		{1A0499D9-0C92-4643-B34D-36B108EA1EF6}.Release|Any CPU.Build.0 = Release|Any CPU
		{DA5C22BC-D26B-4774-A584-2BF100914E09}.Debug|Any CPU.ActiveCfg = Debug|Any CPU
		{DA5C22BC-D26B-4774-A584-2BF100914E09}.Debug|Any CPU.Build.0 = Debug|Any CPU
		{DA5C22BC-D26B-4774-A584-2BF100914E09}.Release|Any CPU.ActiveCfg = Release|Any CPU
		{DA5C22BC-D26B-4774-A584-2BF100914E09}.Release|Any CPU.Build.0 = Release|Any CPU
	EndGlobalSection
	GlobalSection(SolutionProperties) = preSolution
		HideSolutionNode = FALSE
	EndGlobalSection
	GlobalSection(ExtensibilityGlobals) = postSolution
		SolutionGuid = {75FC2B3D-D2FB-4D04-8394-088DD05880B3}
	EndGlobalSection
EndGlobal
